<?xml version="1.0" encoding="utf-8"?>
<Project ToolsVersion="4.0" xmlns="http://schemas.microsoft.com/developer/msbuild/2003">
  <ItemGroup>
    <Filter Include="src">
      <UniqueIdentifier>{ee935f76-e479-463d-a670-556f3e1de366}</UniqueIdentifier>
    </Filter>
    <Filter Include="src\MyUtility">
      <UniqueIdentifier>{7693915d-1b19-4661-ae5c-f33f53be97ff}</UniqueIdentifier>
    </Filter>
    <Filter Include="src\MyUtility\cpp">
      <UniqueIdentifier>{c2a31c4e-4bef-43fc-86a4-4d56861248aa}</UniqueIdentifier>
    </Filter>
  </ItemGroup>
  <ItemGroup>
    <ClCompile Include="..\src\main.cpp">
      <Filter>src</Filter>
    </ClCompile>
    <ClCompile Include="..\src\MyUtility\Deflate.cpp">
      <Filter>src\MyUtility\cpp</Filter>
    </ClCompile>
    <ClCompile Include="..\src\MyUtility\LZ.cpp">
      <Filter>src\MyUtility\cpp</Filter>
    </ClCompile>
  </ItemGroup>
  <ItemGroup>
    <ClInclude Include="..\src\MyUtility\Deflate.h">
      <Filter>src\MyUtility</Filter>
    </ClInclude>
    <ClInclude Include="..\src\MyUtility\LZ.h">
      <Filter>src\MyUtility</Filter>
    </ClInclude>
    <ClInclude Include="..\src\MyUtility\PrefixCodeTree.h">
      <Filter>src\MyUtility</Filter>
    </ClInclude>
  </ItemGroup>
</Project>